# THIS IS AN AUTOGENERATED FILE. DO NOT EDIT THIS FILE DIRECTLY.
# yarn lockfile v1


"@openzeppelin/contracts@^4.4.2":
  version "4.4.2"
  resolved "https://registry.yarnpkg.com/@openzeppelin/contracts/-/contracts-4.4.2.tgz#4e889c9c66e736f7de189a53f8ba5b8d789425c2"
  integrity sha512-NyJV7sJgoGYqbtNUWgzzOGW4T6rR19FmX1IJgXGdapGPWsuMelGJn9h03nos0iqfforCbCB0iYIR0MtIuIFLLw==
